
Microsoft Visual Studio Solution File, Format Version 12.00
# Visual Studio Version 17
VisualStudioVersion = 17.5.002.0
MinimumVisualStudioVersion = 10.0.40219.1
Project("{2150E333-8FDC-42A3-9474-1A3956D46DE8}") = "src", "src", "{0A9A9CF0-EC0B-4395-812B-06078EDA6458}"
EndProject
Project("{9A19103F-16F7-4668-BE54-9A1E7A4F7556}") = "EventPatterns.Example", "src\EventPatterns.Example\EventPatterns.Example.csproj", "{3C34FF58-A0C9-426F-B4C7-82F92C36A83A}"
EndProject
Global
	GlobalSection(SolutionConfigurationPlatforms) = preSolution
		Debug|Any CPU = Debug|Any CPU
		Release|Any CPU = Release|Any CPU
	EndGlobalSection
	GlobalSection(ProjectConfigurationPlatforms) = postSolution
		{3C34FF58-A0C9-426F-B4C7-82F92C36A83A}.Debug|Any CPU.ActiveCfg = Debug|Any CPU
		{3C34FF58-A0C9-426F-B4C7-82F92C36A83A}.Debug|Any CPU.Build.0 = Debug|Any CPU
		{3C34FF58-A0C9-426F-B4C7-82F92C36A83A}.Release|Any CPU.ActiveCfg = Release|Any CPU
		{3C34FF58-A0C9-426F-B4C7-82F92C36A83A}.Release|Any CPU.Build.0 = Release|Any CPU
	EndGlobalSection
	GlobalSection(SolutionProperties) = preSolution
		HideSolutionNode = FALSE
	EndGlobalSection
	GlobalSection(NestedProjects) = preSolution
		{3C34FF58-A0C9-426F-B4C7-82F92C36A83A} = {0A9A9CF0-EC0B-4395-812B-06078EDA6458}
	EndGlobalSection
	GlobalSection(ExtensibilityGlobals) = postSolution
		SolutionGuid = {C11C1A71-AA14-4472-88B8-CD225C963950}
	EndGlobalSection
EndGlobal
